
Microsoft Visual Studio Solution File, Format Version 12.00
# Visual Studio 15
VisualStudioVersion = 15.0.28307.2092
MinimumVisualStudioVersion = 10.0.40219.1
Project("{FAE04EC0-301F-11D3-BF4B-00C04F79EFBC}") = "WindowsFormsApp1", "WindowsFormsApp1\WindowsFormsApp1.csproj", "{29763C33-D277-42E5-9B75-9265BD33F768}"
EndProject
Global
	GlobalSection(SolutionConfigurationPlatforms) = preSolution
		Debug|Any CPU = Debug|Any CPU
		Release|Any CPU = Release|Any CPU
	EndGlobalSection
	GlobalSection(ProjectConfigurationPlatforms) = postSolution
		{29763C33-D277-42E5-9B75-9265BD33F768}.Debug|Any CPU.ActiveCfg = Debug|Any CPU
		{29763C33-D277-42E5-9B75-9265BD33F768}.Debug|Any CPU.Build.0 = Debug|Any CPU
		{29763C33-D277-42E5-9B75-9265BD33F768}.Release|Any CPU.ActiveCfg = Release|Any CPU
		{29763C33-D277-42E5-9B75-9265BD33F768}.Release|Any CPU.Build.0 = Release|Any CPU
	EndGlobalSection
	GlobalSection(SolutionProperties) = preSolution
		HideSolutionNode = FALSE
	EndGlobalSection
	GlobalSection(ExtensibilityGlobals) = postSolution
		SolutionGuid = {19B3E456-A32A-4320-A09C-9DA7880454D4}
	EndGlobalSection
EndGlobal
